{
  "lockfileVersion": 1,
  "workspaces": {
    "": {
      "name": "bun-react-template",
      "dependencies": {
        "@hookform/resolvers": "^4.1.0",
        "@radix-ui/react-label": "^2.1.2",
        "@radix-ui/react-select": "^2.1.6",
        "@radix-ui/react-slot": "^1.1.2",
        "bun-plugin-tailwind": "^0.0.14",
        "class-variance-authority": "^0.7.1",
        "clsx": "^2.1.1",
        "lucide-react": "^0.475.0",
        "react": "^19",
        "react-dom": "^19",
        "react-hook-form": "^7.54.2",
        "tailwind-merge": "^3.0.1",
        "tailwindcss": "^4.0.6",
        "tailwindcss-animate": "^1.0.7",
        "zod": "^3.24.3",
      },
      "devDependencies": {
        "@types/bun": "latest",
        "@types/react": "^19",
        "@types/react-dom": "^19",
      },
      "peerDependencies": {
        "typescript": "^5",
      },
    },
  },
  "packages": {
    "@floating-ui/core": ["@floating-ui/core@1.6.9", "", { "dependencies": { "@floating-ui/utils": "^0.2.9" } }, "sha512-uMXCuQ3BItDUbAMhIXw7UPXRfAlOAvZzdK9BWpE60MCn+Svt3aLn9jsPTi/WNGlRUu2uI0v5S7JiIUsbsvh3fw=="],

    "@floating-ui/dom": ["@floating-ui/dom@1.6.13", "", { "dependencies": { "@floating-ui/core": "^1.6.0", "@floating-ui/utils": "^0.2.9" } }, "sha512-umqzocjDgNRGTuO7Q8CU32dkHkECqI8ZdMZ5Swb6QAM0t5rnlrN3lGo1hdpscRd3WS8T6DKYK4ephgIH9iRh3w=="],

    "@floating-ui/react-dom": ["@floating-ui/react-dom@2.1.2", "", { "dependencies": { "@floating-ui/dom": "^1.0.0" }, "peerDependencies": { "react": ">=16.8.0", "react-dom": ">=16.8.0" } }, "sha512-06okr5cgPzMNBy+Ycse2A6udMi4bqwW/zgBF/rwjcNqWkyr82Mcg8b0vjX8OJpZFy/FKjJmw6wV7t44kK6kW7A=="],

    "@floating-ui/utils": ["@floating-ui/utils@0.2.9", "", {}, "sha512-MDWhGtE+eHw5JW7lq4qhc5yRLS11ERl1c7Z6Xd0a58DozHES6EnNNwUWbMiG4J9Cgj053Bhk8zvlhFYKVhULwg=="],

    "@hookform/resolvers": ["@hookform/resolvers@4.1.3", "", { "dependencies": { "@standard-schema/utils": "^0.3.0" }, "peerDependencies": { "react-hook-form": "^7.0.0" } }, "sha512-Jsv6UOWYTrEFJ/01ZrnwVXs7KDvP8XIo115i++5PWvNkNvkrsTfGiLS6w+eJ57CYtUtDQalUWovCZDHFJ8u1VQ=="],

    "@radix-ui/number": ["@radix-ui/number@1.1.1", "", {}, "sha512-MkKCwxlXTgz6CFoJx3pCwn07GKp36+aZyu/u2Ln2VrA5DcdyCZkASEDBTd8x5whTQQL5CiYf4prXKLcgQdv29g=="],

    "@radix-ui/primitive": ["@radix-ui/primitive@1.1.2", "", {}, "sha512-XnbHrrprsNqZKQhStrSwgRUQzoCI1glLzdw79xiZPoofhGICeZRSQ3dIxAKH1gb3OHfNf4d6f+vAv3kil2eggA=="],

    "@radix-ui/react-arrow": ["@radix-ui/react-arrow@1.1.4", "", { "dependencies": { "@radix-ui/react-primitive": "2.1.0" }, "peerDependencies": { "@types/react": "*", "@types/react-dom": "*", "react": "^16.8 || ^17.0 || ^18.0 || ^19.0 || ^19.0.0-rc", "react-dom": "^16.8 || ^17.0 || ^18.0 || ^19.0 || ^19.0.0-rc" }, "optionalPeers": ["@types/react", "@types/react-dom"] }, "sha512-qz+fxrqgNxG0dYew5l7qR3c7wdgRu1XVUHGnGYX7rg5HM4p9SWaRmJwfgR3J0SgyUKayLmzQIun+N6rWRgiRKw=="],

    "@radix-ui/react-collection": ["@radix-ui/react-collection@1.1.4", "", { "dependencies": { "@radix-ui/react-compose-refs": "1.1.2", "@radix-ui/react-context": "1.1.2", "@radix-ui/react-primitive": "2.1.0", "@radix-ui/react-slot": "1.2.0" }, "peerDependencies": { "@types/react": "*", "@types/react-dom": "*", "react": "^16.8 || ^17.0 || ^18.0 || ^19.0 || ^19.0.0-rc", "react-dom": "^16.8 || ^17.0 || ^18.0 || ^19.0 || ^19.0.0-rc" }, "optionalPeers": ["@types/react", "@types/react-dom"] }, "sha512-cv4vSf7HttqXilDnAnvINd53OTl1/bjUYVZrkFnA7nwmY9Ob2POUy0WY0sfqBAe1s5FyKsyceQlqiEGPYNTadg=="],

    "@radix-ui/react-compose-refs": ["@radix-ui/react-compose-refs@1.1.2", "", { "peerDependencies": { "@types/react": "*", "react": "^16.8 || ^17.0 || ^18.0 || ^19.0 || ^19.0.0-rc" }, "optionalPeers": ["@types/react"] }, "sha512-z4eqJvfiNnFMHIIvXP3CY57y2WJs5g2v3X0zm9mEJkrkNv4rDxu+sg9Jh8EkXyeqBkB7SOcboo9dMVqhyrACIg=="],

    "@radix-ui/react-context": ["@radix-ui/react-context@1.1.2", "", { "peerDependencies": { "@types/react": "*", "react": "^16.8 || ^17.0 || ^18.0 || ^19.0 || ^19.0.0-rc" }, "optionalPeers": ["@types/react"] }, "sha512-jCi/QKUM2r1Ju5a3J64TH2A5SpKAgh0LpknyqdQ4m6DCV0xJ2HG1xARRwNGPQfi1SLdLWZ1OJz6F4OMBBNiGJA=="],

    "@radix-ui/react-direction": ["@radix-ui/react-direction@1.1.1", "", { "peerDependencies": { "@types/react": "*", "react": "^16.8 || ^17.0 || ^18.0 || ^19.0 || ^19.0.0-rc" }, "optionalPeers": ["@types/react"] }, "sha512-1UEWRX6jnOA2y4H5WczZ44gOOjTEmlqv1uNW4GAJEO5+bauCBhv8snY65Iw5/VOS/ghKN9gr2KjnLKxrsvoMVw=="],

    "@radix-ui/react-dismissable-layer": ["@radix-ui/react-dismissable-layer@1.1.7", "", { "dependencies": { "@radix-ui/primitive": "1.1.2", "@radix-ui/react-compose-refs": "1.1.2", "@radix-ui/react-primitive": "2.1.0", "@radix-ui/react-use-callback-ref": "1.1.1", "@radix-ui/react-use-escape-keydown": "1.1.1" }, "peerDependencies": { "@types/react": "*", "@types/react-dom": "*", "react": "^16.8 || ^17.0 || ^18.0 || ^19.0 || ^19.0.0-rc", "react-dom": "^16.8 || ^17.0 || ^18.0 || ^19.0 || ^19.0.0-rc" }, "optionalPeers": ["@types/react", "@types/react-dom"] }, "sha512-j5+WBUdhccJsmH5/H0K6RncjDtoALSEr6jbkaZu+bjw6hOPOhHycr6vEUujl+HBK8kjUfWcoCJXxP6e4lUlMZw=="],

    "@radix-ui/react-focus-guards": ["@radix-ui/react-focus-guards@1.1.2", "", { "peerDependencies": { "@types/react": "*", "react": "^16.8 || ^17.0 || ^18.0 || ^19.0 || ^19.0.0-rc" }, "optionalPeers": ["@types/react"] }, "sha512-fyjAACV62oPV925xFCrH8DR5xWhg9KYtJT4s3u54jxp+L/hbpTY2kIeEFFbFe+a/HCE94zGQMZLIpVTPVZDhaA=="],

    "@radix-ui/react-focus-scope": ["@radix-ui/react-focus-scope@1.1.4", "", { "dependencies": { "@radix-ui/react-compose-refs": "1.1.2", "@radix-ui/react-primitive": "2.1.0", "@radix-ui/react-use-callback-ref": "1.1.1" }, "peerDependencies": { "@types/react": "*", "@types/react-dom": "*", "react": "^16.8 || ^17.0 || ^18.0 || ^19.0 || ^19.0.0-rc", "react-dom": "^16.8 || ^17.0 || ^18.0 || ^19.0 || ^19.0.0-rc" }, "optionalPeers": ["@types/react", "@types/react-dom"] }, "sha512-r2annK27lIW5w9Ho5NyQgqs0MmgZSTIKXWpVCJaLC1q2kZrZkcqnmHkCHMEmv8XLvsLlurKMPT+kbKkRkm/xVA=="],

    "@radix-ui/react-id": ["@radix-ui/react-id@1.1.1", "", { "dependencies": { "@radix-ui/react-use-layout-effect": "1.1.1" }, "peerDependencies": { "@types/react": "*", "react": "^16.8 || ^17.0 || ^18.0 || ^19.0 || ^19.0.0-rc" }, "optionalPeers": ["@types/react"] }, "sha512-kGkGegYIdQsOb4XjsfM97rXsiHaBwco+hFI66oO4s9LU+PLAC5oJ7khdOVFxkhsmlbpUqDAvXw11CluXP+jkHg=="],

    "@radix-ui/react-label": ["@radix-ui/react-label@2.1.4", "", { "dependencies": { "@radix-ui/react-primitive": "2.1.0" }, "peerDependencies": { "@types/react": "*", "@types/react-dom": "*", "react": "^16.8 || ^17.0 || ^18.0 || ^19.0 || ^19.0.0-rc", "react-dom": "^16.8 || ^17.0 || ^18.0 || ^19.0 || ^19.0.0-rc" }, "optionalPeers": ["@types/react", "@types/react-dom"] }, "sha512-wy3dqizZnZVV4ja0FNnUhIWNwWdoldXrneEyUcVtLYDAt8ovGS4ridtMAOGgXBBIfggL4BOveVWsjXDORdGEQg=="],

    "@radix-ui/react-popper": ["@radix-ui/react-popper@1.2.4", "", { "dependencies": { "@floating-ui/react-dom": "^2.0.0", "@radix-ui/react-arrow": "1.1.4", "@radix-ui/react-compose-refs": "1.1.2", "@radix-ui/react-context": "1.1.2", "@radix-ui/react-primitive": "2.1.0", "@radix-ui/react-use-callback-ref": "1.1.1", "@radix-ui/react-use-layout-effect": "1.1.1", "@radix-ui/react-use-rect": "1.1.1", "@radix-ui/react-use-size": "1.1.1", "@radix-ui/rect": "1.1.1" }, "peerDependencies": { "@types/react": "*", "@types/react-dom": "*", "react": "^16.8 || ^17.0 || ^18.0 || ^19.0 || ^19.0.0-rc", "react-dom": "^16.8 || ^17.0 || ^18.0 || ^19.0 || ^19.0.0-rc" }, "optionalPeers": ["@types/react", "@types/react-dom"] }, "sha512-3p2Rgm/a1cK0r/UVkx5F/K9v/EplfjAeIFCGOPYPO4lZ0jtg4iSQXt/YGTSLWaf4x7NG6Z4+uKFcylcTZjeqDA=="],

    "@radix-ui/react-portal": ["@radix-ui/react-portal@1.1.6", "", { "dependencies": { "@radix-ui/react-primitive": "2.1.0", "@radix-ui/react-use-layout-effect": "1.1.1" }, "peerDependencies": { "@types/react": "*", "@types/react-dom": "*", "react": "^16.8 || ^17.0 || ^18.0 || ^19.0 || ^19.0.0-rc", "react-dom": "^16.8 || ^17.0 || ^18.0 || ^19.0 || ^19.0.0-rc" }, "optionalPeers": ["@types/react", "@types/react-dom"] }, "sha512-XmsIl2z1n/TsYFLIdYam2rmFwf9OC/Sh2avkbmVMDuBZIe7hSpM0cYnWPAo7nHOVx8zTuwDZGByfcqLdnzp3Vw=="],

    "@radix-ui/react-primitive": ["@radix-ui/react-primitive@2.1.0", "", { "dependencies": { "@radix-ui/react-slot": "1.2.0" }, "peerDependencies": { "@types/react": "*", "@types/react-dom": "*", "react": "^16.8 || ^17.0 || ^18.0 || ^19.0 || ^19.0.0-rc", "react-dom": "^16.8 || ^17.0 || ^18.0 || ^19.0 || ^19.0.0-rc" }, "optionalPeers": ["@types/react", "@types/react-dom"] }, "sha512-/J/FhLdK0zVcILOwt5g+dH4KnkonCtkVJsa2G6JmvbbtZfBEI1gMsO3QMjseL4F/SwfAMt1Vc/0XKYKq+xJ1sw=="],

    "@radix-ui/react-select": ["@radix-ui/react-select@2.2.2", "", { "dependencies": { "@radix-ui/number": "1.1.1", "@radix-ui/primitive": "1.1.2", "@radix-ui/react-collection": "1.1.4", "@radix-ui/react-compose-refs": "1.1.2", "@radix-ui/react-context": "1.1.2", "@radix-ui/react-direction": "1.1.1", "@radix-ui/react-dismissable-layer": "1.1.7", "@radix-ui/react-focus-guards": "1.1.2", "@radix-ui/react-focus-scope": "1.1.4", "@radix-ui/react-id": "1.1.1", "@radix-ui/react-popper": "1.2.4", "@radix-ui/react-portal": "1.1.6", "@radix-ui/react-primitive": "2.1.0", "@radix-ui/react-slot": "1.2.0", "@radix-ui/react-use-callback-ref": "1.1.1", "@radix-ui/react-use-controllable-state": "1.2.2", "@radix-ui/react-use-layout-effect": "1.1.1", "@radix-ui/react-use-previous": "1.1.1", "@radix-ui/react-visually-hidden": "1.2.0", "aria-hidden": "^1.2.4", "react-remove-scroll": "^2.6.3" }, "peerDependencies": { "@types/react": "*", "@types/react-dom": "*", "react": "^16.8 || ^17.0 || ^18.0 || ^19.0 || ^19.0.0-rc", "react-dom": "^16.8 || ^17.0 || ^18.0 || ^19.0 || ^19.0.0-rc" }, "optionalPeers": ["@types/react", "@types/react-dom"] }, "sha512-HjkVHtBkuq+r3zUAZ/CvNWUGKPfuicGDbgtZgiQuFmNcV5F+Tgy24ep2nsAW2nFgvhGPJVqeBZa6KyVN0EyrBA=="],

    "@radix-ui/react-slot": ["@radix-ui/react-slot@1.2.0", "", { "dependencies": { "@radix-ui/react-compose-refs": "1.1.2" }, "peerDependencies": { "@types/react": "*", "react": "^16.8 || ^17.0 || ^18.0 || ^19.0 || ^19.0.0-rc" }, "optionalPeers": ["@types/react"] }, "sha512-ujc+V6r0HNDviYqIK3rW4ffgYiZ8g5DEHrGJVk4x7kTlLXRDILnKX9vAUYeIsLOoDpDJ0ujpqMkjH4w2ofuo6w=="],

    "@radix-ui/react-use-callback-ref": ["@radix-ui/react-use-callback-ref@1.1.1", "", { "peerDependencies": { "@types/react": "*", "react": "^16.8 || ^17.0 || ^18.0 || ^19.0 || ^19.0.0-rc" }, "optionalPeers": ["@types/react"] }, "sha512-FkBMwD+qbGQeMu1cOHnuGB6x4yzPjho8ap5WtbEJ26umhgqVXbhekKUQO+hZEL1vU92a3wHwdp0HAcqAUF5iDg=="],

    "@radix-ui/react-use-controllable-state": ["@radix-ui/react-use-controllable-state@1.2.2", "", { "dependencies": { "@radix-ui/react-use-effect-event": "0.0.2", "@radix-ui/react-use-layout-effect": "1.1.1" }, "peerDependencies": { "@types/react": "*", "react": "^16.8 || ^17.0 || ^18.0 || ^19.0 || ^19.0.0-rc" }, "optionalPeers": ["@types/react"] }, "sha512-BjasUjixPFdS+NKkypcyyN5Pmg83Olst0+c6vGov0diwTEo6mgdqVR6hxcEgFuh4QrAs7Rc+9KuGJ9TVCj0Zzg=="],

    "@radix-ui/react-use-effect-event": ["@radix-ui/react-use-effect-event@0.0.2", "", { "dependencies": { "@radix-ui/react-use-layout-effect": "1.1.1" }, "peerDependencies": { "@types/react": "*", "react": "^16.8 || ^17.0 || ^18.0 || ^19.0 || ^19.0.0-rc" }, "optionalPeers": ["@types/react"] }, "sha512-Qp8WbZOBe+blgpuUT+lw2xheLP8q0oatc9UpmiemEICxGvFLYmHm9QowVZGHtJlGbS6A6yJ3iViad/2cVjnOiA=="],

    "@radix-ui/react-use-escape-keydown": ["@radix-ui/react-use-escape-keydown@1.1.1", "", { "dependencies": { "@radix-ui/react-use-callback-ref": "1.1.1" }, "peerDependencies": { "@types/react": "*", "react": "^16.8 || ^17.0 || ^18.0 || ^19.0 || ^19.0.0-rc" }, "optionalPeers": ["@types/react"] }, "sha512-Il0+boE7w/XebUHyBjroE+DbByORGR9KKmITzbR7MyQ4akpORYP/ZmbhAr0DG7RmmBqoOnZdy2QlvajJ2QA59g=="],

    "@radix-ui/react-use-layout-effect": ["@radix-ui/react-use-layout-effect@1.1.1", "", { "peerDependencies": { "@types/react": "*", "react": "^16.8 || ^17.0 || ^18.0 || ^19.0 || ^19.0.0-rc" }, "optionalPeers": ["@types/react"] }, "sha512-RbJRS4UWQFkzHTTwVymMTUv8EqYhOp8dOOviLj2ugtTiXRaRQS7GLGxZTLL1jWhMeoSCf5zmcZkqTl9IiYfXcQ=="],

    "@radix-ui/react-use-previous": ["@radix-ui/react-use-previous@1.1.1", "", { "peerDependencies": { "@types/react": "*", "react": "^16.8 || ^17.0 || ^18.0 || ^19.0 || ^19.0.0-rc" }, "optionalPeers": ["@types/react"] }, "sha512-2dHfToCj/pzca2Ck724OZ5L0EVrr3eHRNsG/b3xQJLA2hZpVCS99bLAX+hm1IHXDEnzU6by5z/5MIY794/a8NQ=="],

    "@radix-ui/react-use-rect": ["@radix-ui/react-use-rect@1.1.1", "", { "dependencies": { "@radix-ui/rect": "1.1.1" }, "peerDependencies": { "@types/react": "*", "react": "^16.8 || ^17.0 || ^18.0 || ^19.0 || ^19.0.0-rc" }, "optionalPeers": ["@types/react"] }, "sha512-QTYuDesS0VtuHNNvMh+CjlKJ4LJickCMUAqjlE3+j8w+RlRpwyX3apEQKGFzbZGdo7XNG1tXa+bQqIE7HIXT2w=="],

    "@radix-ui/react-use-size": ["@radix-ui/react-use-size@1.1.1", "", { "dependencies": { "@radix-ui/react-use-layout-effect": "1.1.1" }, "peerDependencies": { "@types/react": "*", "react": "^16.8 || ^17.0 || ^18.0 || ^19.0 || ^19.0.0-rc" }, "optionalPeers": ["@types/react"] }, "sha512-ewrXRDTAqAXlkl6t/fkXWNAhFX9I+CkKlw6zjEwk86RSPKwZr3xpBRso655aqYafwtnbpHLj6toFzmd6xdVptQ=="],

    "@radix-ui/react-visually-hidden": ["@radix-ui/react-visually-hidden@1.2.0", "", { "dependencies": { "@radix-ui/react-primitive": "2.1.0" }, "peerDependencies": { "@types/react": "*", "@types/react-dom": "*", "react": "^16.8 || ^17.0 || ^18.0 || ^19.0 || ^19.0.0-rc", "react-dom": "^16.8 || ^17.0 || ^18.0 || ^19.0 || ^19.0.0-rc" }, "optionalPeers": ["@types/react", "@types/react-dom"] }, "sha512-rQj0aAWOpCdCMRbI6pLQm8r7S2BM3YhTa0SzOYD55k+hJA8oo9J+H+9wLM9oMlZWOX/wJWPTzfDfmZkf7LvCfg=="],

    "@radix-ui/rect": ["@radix-ui/rect@1.1.1", "", {}, "sha512-HPwpGIzkl28mWyZqG52jiqDJ12waP11Pa1lGoiyUkIEuMLBP0oeK/C89esbXrxsky5we7dfd8U58nm0SgAWpVw=="],

    "@standard-schema/utils": ["@standard-schema/utils@0.3.0", "", {}, "sha512-e7Mew686owMaPJVNNLs55PUvgz371nKgwsc4vxE49zsODpJEnxgxRo2y/OKrqueavXgZNMDVj3DdHFlaSAeU8g=="],

    "@types/bun": ["@types/bun@1.2.10", "", { "dependencies": { "bun-types": "1.2.10" } }, "sha512-eilv6WFM3M0c9ztJt7/g80BDusK98z/FrFwseZgT4bXCq2vPhXD4z8R3oddmAn+R/Nmz9vBn4kweJKmGTZj+lg=="],

    "@types/node": ["@types/node@22.14.1", "", { "dependencies": { "undici-types": "~6.21.0" } }, "sha512-u0HuPQwe/dHrItgHHpmw3N2fYCR6x4ivMNbPHRkBVP4CvN+kiRrKHWk3i8tXiO/joPwXLMYvF9TTF0eqgHIuOw=="],

    "@types/react": ["@types/react@19.1.2", "", { "dependencies": { "csstype": "^3.0.2" } }, "sha512-oxLPMytKchWGbnQM9O7D67uPa9paTNxO7jVoNMXgkkErULBPhPARCfkKL9ytcIJJRGjbsVwW4ugJzyFFvm/Tiw=="],

    "@types/react-dom": ["@types/react-dom@19.1.2", "", { "peerDependencies": { "@types/react": "^19.0.0" } }, "sha512-XGJkWF41Qq305SKWEILa1O8vzhb3aOo3ogBlSmiqNko/WmRb6QIaweuZCXjKygVDXpzXb5wyxKTSOsmkuqj+Qw=="],

    "aria-hidden": ["aria-hidden@1.2.4", "", { "dependencies": { "tslib": "^2.0.0" } }, "sha512-y+CcFFwelSXpLZk/7fMB2mUbGtX9lKycf1MWJ7CaTIERyitVlyQx6C+sxcROU2BAJ24OiZyK+8wj2i8AlBoS3A=="],

    "bun-plugin-tailwind": ["bun-plugin-tailwind@0.0.14", "", { "dependencies": { "tailwindcss": "4.0.0-beta.9" }, "peerDependencies": { "typescript": "^5.0.0" } }, "sha512-Ge8M8DQsRDErCzH/uI8pYjx5vZWXxQvnwM/xMQMElxQqHieGbAopfYo/q/kllkPkRbFHiwhnHwTpRMAMJZCjug=="],

    "bun-types": ["bun-types@1.2.10", "", { "dependencies": { "@types/node": "*" } }, "sha512-b5ITZMnVdf3m1gMvJHG+gIfeJHiQPJak0f7925Hxu6ZN5VKA8AGy4GZ4lM+Xkn6jtWxg5S3ldWvfmXdvnkp3GQ=="],

    "class-variance-authority": ["class-variance-authority@0.7.1", "", { "dependencies": { "clsx": "^2.1.1" } }, "sha512-Ka+9Trutv7G8M6WT6SeiRWz792K5qEqIGEGzXKhAE6xOWAY6pPH8U+9IY3oCMv6kqTmLsv7Xh/2w2RigkePMsg=="],

    "clsx": ["clsx@2.1.1", "", {}, "sha512-eYm0QWBtUrBWZWG0d386OGAw16Z995PiOVo2B7bjWSbHedGl5e0ZWaq65kOGgUSNesEIDkB9ISbTg/JK9dhCZA=="],

    "csstype": ["csstype@3.1.3", "", {}, "sha512-M1uQkMl8rQK/szD0LNhtqxIPLpimGm8sOBwU7lLnCpSbTyY3yeU1Vc7l4KT5zT4s/yOxHH5O7tIuuLOCnLADRw=="],

    "detect-node-es": ["detect-node-es@1.1.0", "", {}, "sha512-ypdmJU/TbBby2Dxibuv7ZLW3Bs1QEmM7nHjEANfohJLvE0XVujisn1qPJcZxg+qDucsr+bP6fLD1rPS3AhJ7EQ=="],

    "get-nonce": ["get-nonce@1.0.1", "", {}, "sha512-FJhYRoDaiatfEkUK8HKlicmu/3SGFD51q3itKDGoSTysQJBnfOcxU5GxnhE1E6soB76MbT0MBtnKJuXyAx+96Q=="],

    "lucide-react": ["lucide-react@0.475.0", "", { "peerDependencies": { "react": "^16.5.1 || ^17.0.0 || ^18.0.0 || ^19.0.0" } }, "sha512-NJzvVu1HwFVeZ+Gwq2q00KygM1aBhy/ZrhY9FsAgJtpB+E4R7uxRk9M2iKvHa6/vNxZydIB59htha4c2vvwvVg=="],

    "react": ["react@19.1.0", "", {}, "sha512-FS+XFBNvn3GTAWq26joslQgWNoFu08F4kl0J4CgdNKADkdSGXQyTCnKteIAJy96Br6YbpEU1LSzV5dYtjMkMDg=="],

    "react-dom": ["react-dom@19.1.0", "", { "dependencies": { "scheduler": "^0.26.0" }, "peerDependencies": { "react": "^19.1.0" } }, "sha512-Xs1hdnE+DyKgeHJeJznQmYMIBG3TKIHJJT95Q58nHLSrElKlGQqDTR2HQ9fx5CN/Gk6Vh/kupBTDLU11/nDk/g=="],

    "react-hook-form": ["react-hook-form@7.56.0", "", { "peerDependencies": { "react": "^16.8.0 || ^17 || ^18 || ^19" } }, "sha512-U2QQgx5z2Y8Z0qlXv3W19hWHJgfKdWMz0O/osuY+o+CYq568V2R/JhzC6OAXfR8k24rIN0Muan2Qliaq9eKs/g=="],

    "react-remove-scroll": ["react-remove-scroll@2.6.3", "", { "dependencies": { "react-remove-scroll-bar": "^2.3.7", "react-style-singleton": "^2.2.3", "tslib": "^2.1.0", "use-callback-ref": "^1.3.3", "use-sidecar": "^1.1.3" }, "peerDependencies": { "@types/react": "*", "react": "^16.8.0 || ^17.0.0 || ^18.0.0 || ^19.0.0 || ^19.0.0-rc" }, "optionalPeers": ["@types/react"] }, "sha512-pnAi91oOk8g8ABQKGF5/M9qxmmOPxaAnopyTHYfqYEwJhyFrbbBtHuSgtKEoH0jpcxx5o3hXqH1mNd9/Oi+8iQ=="],

    "react-remove-scroll-bar": ["react-remove-scroll-bar@2.3.8", "", { "dependencies": { "react-style-singleton": "^2.2.2", "tslib": "^2.0.0" }, "peerDependencies": { "@types/react": "*", "react": "^16.8.0 || ^17.0.0 || ^18.0.0 || ^19.0.0" }, "optionalPeers": ["@types/react"] }, "sha512-9r+yi9+mgU33AKcj6IbT9oRCO78WriSj6t/cF8DWBZJ9aOGPOTEDvdUDz1FwKim7QXWwmHqtdHnRJfhAxEG46Q=="],

    "react-style-singleton": ["react-style-singleton@2.2.3", "", { "dependencies": { "get-nonce": "^1.0.0", "tslib": "^2.0.0" }, "peerDependencies": { "@types/react": "*", "react": "^16.8.0 || ^17.0.0 || ^18.0.0 || ^19.0.0 || ^19.0.0-rc" }, "optionalPeers": ["@types/react"] }, "sha512-b6jSvxvVnyptAiLjbkWLE/lOnR4lfTtDAl+eUC7RZy+QQWc6wRzIV2CE6xBuMmDxc2qIihtDCZD5NPOFl7fRBQ=="],

    "scheduler": ["scheduler@0.26.0", "", {}, "sha512-NlHwttCI/l5gCPR3D1nNXtWABUmBwvZpEQiD4IXSbIDq8BzLIK/7Ir5gTFSGZDUu37K5cMNp0hFtzO38sC7gWA=="],

    "tailwind-merge": ["tailwind-merge@3.2.0", "", {}, "sha512-FQT/OVqCD+7edmmJpsgCsY820RTD5AkBryuG5IUqR5YQZSdj5xlH5nLgH7YPths7WsLPSpSBNneJdM8aS8aeFA=="],

    "tailwindcss": ["tailwindcss@4.1.4", "", {}, "sha512-1ZIUqtPITFbv/DxRmDr5/agPqJwF69d24m9qmM1939TJehgY539CtzeZRjbLt5G6fSy/7YqqYsfvoTEw9xUI2A=="],

    "tailwindcss-animate": ["tailwindcss-animate@1.0.7", "", { "peerDependencies": { "tailwindcss": ">=3.0.0 || insiders" } }, "sha512-bl6mpH3T7I3UFxuvDEXLxy/VuFxBk5bbzplh7tXI68mwMokNYd1t9qPBHlnyTwfa4JGC4zP516I1hYYtQ/vspA=="],

    "tslib": ["tslib@2.8.1", "", {}, "sha512-oJFu94HQb+KVduSUQL7wnpmqnfmLsOA/nAh6b6EH0wCEoK0/mPeXU6c3wKDV83MkOuHPRHtSXKKU99IBazS/2w=="],

    "typescript": ["typescript@5.8.3", "", { "bin": { "tsc": "bin/tsc", "tsserver": "bin/tsserver" } }, "sha512-p1diW6TqL9L07nNxvRMM7hMMw4c5XOo/1ibL4aAIGmSAt9slTE1Xgw5KWuof2uTOvCg9BY7ZRi+GaF+7sfgPeQ=="],

    "undici-types": ["undici-types@6.21.0", "", {}, "sha512-iwDZqg0QAGrg9Rav5H4n0M64c3mkR59cJ6wQp+7C4nI0gsmExaedaYLNO44eT4AtBBwjbTiGPMlt2Md0T9H9JQ=="],

    "use-callback-ref": ["use-callback-ref@1.3.3", "", { "dependencies": { "tslib": "^2.0.0" }, "peerDependencies": { "@types/react": "*", "react": "^16.8.0 || ^17.0.0 || ^18.0.0 || ^19.0.0 || ^19.0.0-rc" }, "optionalPeers": ["@types/react"] }, "sha512-jQL3lRnocaFtu3V00JToYz/4QkNWswxijDaCVNZRiRTO3HQDLsdu1ZtmIUvV4yPp+rvWm5j0y0TG/S61cuijTg=="],

    "use-sidecar": ["use-sidecar@1.1.3", "", { "dependencies": { "detect-node-es": "^1.1.0", "tslib": "^2.0.0" }, "peerDependencies": { "@types/react": "*", "react": "^16.8.0 || ^17.0.0 || ^18.0.0 || ^19.0.0 || ^19.0.0-rc" }, "optionalPeers": ["@types/react"] }, "sha512-Fedw0aZvkhynoPYlA5WXrMCAMm+nSWdZt6lzJQ7Ok8S6Q+VsHmHpRWndVRJ8Be0ZbkfPc5LRYH+5XrzXcEeLRQ=="],

    "zod": ["zod@3.24.3", "", {}, "sha512-HhY1oqzWCQWuUqvBFnsyrtZRhyPeR7SUGv+C4+MsisMuVfSPx8HpwWqH8tRahSlt6M3PiFAcoeFhZAqIXTxoSg=="],

    "bun-plugin-tailwind/tailwindcss": ["tailwindcss@4.0.0-beta.9", "", {}, "sha512-96KpsfQi+/sFIOfyFnGzyy5pobuzf1iMBD9NVtelerPM/lPI2XUS4Kikw9yuKRniXXw77ov1sl7gCSKLsn6CJA=="],
  }
}
